
Microsoft Visual Studio Solution File, Format Version 12.00
# Visual Studio Version 17
Project("{2150E333-8FDC-42A3-9474-1A3956D46DE8}") = "CMakePredefinedTargets", "CMakePredefinedTargets", "{1DBB5EE8-C20D-309B-B429-17FCA9C57430}"
EndProject
Project("{2150E333-8FDC-42A3-9474-1A3956D46DE8}") = "GLFW3", "GLFW3", "{B069C149-4E16-3BD8-823B-8718CAFEC26A}"
EndProject
Project("{8BC9CEB8-8B4A-11D0-8D11-00A0C91BC942}") = "ALL_BUILD", "ALL_BUILD.vcxproj", "{0175381C-7409-349E-843D-AAA54B601537}"
	ProjectSection(ProjectDependencies) = postProject
		{03F1F494-4C9F-3C28-82C3-59C12A5F1CAD} = {03F1F494-4C9F-3C28-82C3-59C12A5F1CAD}
		{86D2F51F-3ECD-3171-9C2D-67DCA7F05FCA} = {86D2F51F-3ECD-3171-9C2D-67DCA7F05FCA}
		{E4312577-84EC-353A-8CB9-0C44D144E24D} = {E4312577-84EC-353A-8CB9-0C44D144E24D}
		{1580D937-B70B-3A4F-B973-3176FCEE8CDC} = {1580D937-B70B-3A4F-B973-3176FCEE8CDC}
	EndProjectSection
EndProject
Project("{8BC9CEB8-8B4A-11D0-8D11-00A0C91BC942}") = "INSTALL", "INSTALL.vcxproj", "{175D4B8C-1FBC-306E-9499-52DF9DD2019E}"
	ProjectSection(ProjectDependencies) = postProject
		{0175381C-7409-349E-843D-AAA54B601537} = {0175381C-7409-349E-843D-AAA54B601537}
		{03F1F494-4C9F-3C28-82C3-59C12A5F1CAD} = {03F1F494-4C9F-3C28-82C3-59C12A5F1CAD}
	EndProjectSection
EndProject
Project("{8BC9CEB8-8B4A-11D0-8D11-00A0C91BC942}") = "PACKAGE", "PACKAGE.vcxproj", "{6A0E5E1F-7EC3-3732-B8AC-186E3C2823E0}"
	ProjectSection(ProjectDependencies) = postProject
		{0175381C-7409-349E-843D-AAA54B601537} = {0175381C-7409-349E-843D-AAA54B601537}
		{03F1F494-4C9F-3C28-82C3-59C12A5F1CAD} = {03F1F494-4C9F-3C28-82C3-59C12A5F1CAD}
	EndProjectSection
EndProject
Project("{8BC9CEB8-8B4A-11D0-8D11-00A0C91BC942}") = "ZERO_CHECK", "ZERO_CHECK.vcxproj", "{03F1F494-4C9F-3C28-82C3-59C12A5F1CAD}"
	ProjectSection(ProjectDependencies) = postProject
	EndProjectSection
EndProject
Project("{8BC9CEB8-8B4A-11D0-8D11-00A0C91BC942}") = "game", "game.vcxproj", "{86D2F51F-3ECD-3171-9C2D-67DCA7F05FCA}"
	ProjectSection(ProjectDependencies) = postProject
		{03F1F494-4C9F-3C28-82C3-59C12A5F1CAD} = {03F1F494-4C9F-3C28-82C3-59C12A5F1CAD}
		{E4312577-84EC-353A-8CB9-0C44D144E24D} = {E4312577-84EC-353A-8CB9-0C44D144E24D}
		{1580D937-B70B-3A4F-B973-3176FCEE8CDC} = {1580D937-B70B-3A4F-B973-3176FCEE8CDC}
	EndProjectSection
EndProject
Project("{8BC9CEB8-8B4A-11D0-8D11-00A0C91BC942}") = "glfw", "_deps\raylib-build\raylib\external\glfw\src\glfw.vcxproj", "{E4312577-84EC-353A-8CB9-0C44D144E24D}"
	ProjectSection(ProjectDependencies) = postProject
		{03F1F494-4C9F-3C28-82C3-59C12A5F1CAD} = {03F1F494-4C9F-3C28-82C3-59C12A5F1CAD}
	EndProjectSection
EndProject
Project("{8BC9CEB8-8B4A-11D0-8D11-00A0C91BC942}") = "raylib", "_deps\raylib-build\raylib\raylib.vcxproj", "{1580D937-B70B-3A4F-B973-3176FCEE8CDC}"
	ProjectSection(ProjectDependencies) = postProject
		{03F1F494-4C9F-3C28-82C3-59C12A5F1CAD} = {03F1F494-4C9F-3C28-82C3-59C12A5F1CAD}
		{E4312577-84EC-353A-8CB9-0C44D144E24D} = {E4312577-84EC-353A-8CB9-0C44D144E24D}
	EndProjectSection
EndProject
Project("{8BC9CEB8-8B4A-11D0-8D11-00A0C91BC942}") = "uninstall", "_deps\raylib-build\uninstall.vcxproj", "{F267950E-4899-37EC-92DB-801560B560E0}"
	ProjectSection(ProjectDependencies) = postProject
		{03F1F494-4C9F-3C28-82C3-59C12A5F1CAD} = {03F1F494-4C9F-3C28-82C3-59C12A5F1CAD}
	EndProjectSection
EndProject
Project("{8BC9CEB8-8B4A-11D0-8D11-00A0C91BC942}") = "update_mappings", "_deps\raylib-build\raylib\external\glfw\src\update_mappings.vcxproj", "{F6ECBF0A-A8F9-30AD-8618-07459BEC1B32}"
	ProjectSection(ProjectDependencies) = postProject
		{03F1F494-4C9F-3C28-82C3-59C12A5F1CAD} = {03F1F494-4C9F-3C28-82C3-59C12A5F1CAD}
	EndProjectSection
EndProject
Global
	GlobalSection(SolutionConfigurationPlatforms) = preSolution
		Debug|x64 = Debug|x64
		Release|x64 = Release|x64
		MinSizeRel|x64 = MinSizeRel|x64
		RelWithDebInfo|x64 = RelWithDebInfo|x64
	EndGlobalSection
	GlobalSection(ProjectConfigurationPlatforms) = postSolution
		{0175381C-7409-349E-843D-AAA54B601537}.Debug|x64.ActiveCfg = Debug|x64
		{0175381C-7409-349E-843D-AAA54B601537}.Debug|x64.Build.0 = Debug|x64
		{0175381C-7409-349E-843D-AAA54B601537}.Release|x64.ActiveCfg = Release|x64
		{0175381C-7409-349E-843D-AAA54B601537}.Release|x64.Build.0 = Release|x64
		{0175381C-7409-349E-843D-AAA54B601537}.MinSizeRel|x64.ActiveCfg = MinSizeRel|x64
		{0175381C-7409-349E-843D-AAA54B601537}.MinSizeRel|x64.Build.0 = MinSizeRel|x64
		{0175381C-7409-349E-843D-AAA54B601537}.RelWithDebInfo|x64.ActiveCfg = RelWithDebInfo|x64
		{0175381C-7409-349E-843D-AAA54B601537}.RelWithDebInfo|x64.Build.0 = RelWithDebInfo|x64
		{175D4B8C-1FBC-306E-9499-52DF9DD2019E}.Debug|x64.ActiveCfg = Debug|x64
		{175D4B8C-1FBC-306E-9499-52DF9DD2019E}.Release|x64.ActiveCfg = Release|x64
		{175D4B8C-1FBC-306E-9499-52DF9DD2019E}.MinSizeRel|x64.ActiveCfg = MinSizeRel|x64
		{175D4B8C-1FBC-306E-9499-52DF9DD2019E}.RelWithDebInfo|x64.ActiveCfg = RelWithDebInfo|x64
		{6A0E5E1F-7EC3-3732-B8AC-186E3C2823E0}.Debug|x64.ActiveCfg = Debug|x64
		{6A0E5E1F-7EC3-3732-B8AC-186E3C2823E0}.Release|x64.ActiveCfg = Release|x64
		{6A0E5E1F-7EC3-3732-B8AC-186E3C2823E0}.MinSizeRel|x64.ActiveCfg = MinSizeRel|x64
		{6A0E5E1F-7EC3-3732-B8AC-186E3C2823E0}.RelWithDebInfo|x64.ActiveCfg = RelWithDebInfo|x64
		{03F1F494-4C9F-3C28-82C3-59C12A5F1CAD}.Debug|x64.ActiveCfg = Debug|x64
		{03F1F494-4C9F-3C28-82C3-59C12A5F1CAD}.Debug|x64.Build.0 = Debug|x64
		{03F1F494-4C9F-3C28-82C3-59C12A5F1CAD}.Release|x64.ActiveCfg = Release|x64
		{03F1F494-4C9F-3C28-82C3-59C12A5F1CAD}.Release|x64.Build.0 = Release|x64
		{03F1F494-4C9F-3C28-82C3-59C12A5F1CAD}.MinSizeRel|x64.ActiveCfg = MinSizeRel|x64
		{03F1F494-4C9F-3C28-82C3-59C12A5F1CAD}.MinSizeRel|x64.Build.0 = MinSizeRel|x64
		{03F1F494-4C9F-3C28-82C3-59C12A5F1CAD}.RelWithDebInfo|x64.ActiveCfg = RelWithDebInfo|x64
		{03F1F494-4C9F-3C28-82C3-59C12A5F1CAD}.RelWithDebInfo|x64.Build.0 = RelWithDebInfo|x64
		{86D2F51F-3ECD-3171-9C2D-67DCA7F05FCA}.Debug|x64.ActiveCfg = Debug|x64
		{86D2F51F-3ECD-3171-9C2D-67DCA7F05FCA}.Debug|x64.Build.0 = Debug|x64
		{86D2F51F-3ECD-3171-9C2D-67DCA7F05FCA}.Release|x64.ActiveCfg = Release|x64
		{86D2F51F-3ECD-3171-9C2D-67DCA7F05FCA}.Release|x64.Build.0 = Release|x64
		{86D2F51F-3ECD-3171-9C2D-67DCA7F05FCA}.MinSizeRel|x64.ActiveCfg = MinSizeRel|x64
		{86D2F51F-3ECD-3171-9C2D-67DCA7F05FCA}.MinSizeRel|x64.Build.0 = MinSizeRel|x64
		{86D2F51F-3ECD-3171-9C2D-67DCA7F05FCA}.RelWithDebInfo|x64.ActiveCfg = RelWithDebInfo|x64
		{86D2F51F-3ECD-3171-9C2D-67DCA7F05FCA}.RelWithDebInfo|x64.Build.0 = RelWithDebInfo|x64
		{E4312577-84EC-353A-8CB9-0C44D144E24D}.Debug|x64.ActiveCfg = Debug|x64
		{E4312577-84EC-353A-8CB9-0C44D144E24D}.Debug|x64.Build.0 = Debug|x64
		{E4312577-84EC-353A-8CB9-0C44D144E24D}.Release|x64.ActiveCfg = Release|x64
		{E4312577-84EC-353A-8CB9-0C44D144E24D}.Release|x64.Build.0 = Release|x64
		{E4312577-84EC-353A-8CB9-0C44D144E24D}.MinSizeRel|x64.ActiveCfg = MinSizeRel|x64
		{E4312577-84EC-353A-8CB9-0C44D144E24D}.MinSizeRel|x64.Build.0 = MinSizeRel|x64
		{E4312577-84EC-353A-8CB9-0C44D144E24D}.RelWithDebInfo|x64.ActiveCfg = RelWithDebInfo|x64
		{E4312577-84EC-353A-8CB9-0C44D144E24D}.RelWithDebInfo|x64.Build.0 = RelWithDebInfo|x64
		{1580D937-B70B-3A4F-B973-3176FCEE8CDC}.Debug|x64.ActiveCfg = Debug|x64
		{1580D937-B70B-3A4F-B973-3176FCEE8CDC}.Debug|x64.Build.0 = Debug|x64
		{1580D937-B70B-3A4F-B973-3176FCEE8CDC}.Release|x64.ActiveCfg = Release|x64
		{1580D937-B70B-3A4F-B973-3176FCEE8CDC}.Release|x64.Build.0 = Release|x64
		{1580D937-B70B-3A4F-B973-3176FCEE8CDC}.MinSizeRel|x64.ActiveCfg = MinSizeRel|x64
		{1580D937-B70B-3A4F-B973-3176FCEE8CDC}.MinSizeRel|x64.Build.0 = MinSizeRel|x64
		{1580D937-B70B-3A4F-B973-3176FCEE8CDC}.RelWithDebInfo|x64.ActiveCfg = RelWithDebInfo|x64
		{1580D937-B70B-3A4F-B973-3176FCEE8CDC}.RelWithDebInfo|x64.Build.0 = RelWithDebInfo|x64
		{F267950E-4899-37EC-92DB-801560B560E0}.Debug|x64.ActiveCfg = Debug|x64
		{F267950E-4899-37EC-92DB-801560B560E0}.Release|x64.ActiveCfg = Release|x64
		{F267950E-4899-37EC-92DB-801560B560E0}.MinSizeRel|x64.ActiveCfg = MinSizeRel|x64
		{F267950E-4899-37EC-92DB-801560B560E0}.RelWithDebInfo|x64.ActiveCfg = RelWithDebInfo|x64
		{F6ECBF0A-A8F9-30AD-8618-07459BEC1B32}.Debug|x64.ActiveCfg = Debug|x64
		{F6ECBF0A-A8F9-30AD-8618-07459BEC1B32}.Release|x64.ActiveCfg = Release|x64
		{F6ECBF0A-A8F9-30AD-8618-07459BEC1B32}.MinSizeRel|x64.ActiveCfg = MinSizeRel|x64
		{F6ECBF0A-A8F9-30AD-8618-07459BEC1B32}.RelWithDebInfo|x64.ActiveCfg = RelWithDebInfo|x64
	EndGlobalSection
	GlobalSection(NestedProjects) = preSolution
		{0175381C-7409-349E-843D-AAA54B601537} = {1DBB5EE8-C20D-309B-B429-17FCA9C57430}
		{175D4B8C-1FBC-306E-9499-52DF9DD2019E} = {1DBB5EE8-C20D-309B-B429-17FCA9C57430}
		{6A0E5E1F-7EC3-3732-B8AC-186E3C2823E0} = {1DBB5EE8-C20D-309B-B429-17FCA9C57430}
		{03F1F494-4C9F-3C28-82C3-59C12A5F1CAD} = {1DBB5EE8-C20D-309B-B429-17FCA9C57430}
		{E4312577-84EC-353A-8CB9-0C44D144E24D} = {B069C149-4E16-3BD8-823B-8718CAFEC26A}
		{F6ECBF0A-A8F9-30AD-8618-07459BEC1B32} = {B069C149-4E16-3BD8-823B-8718CAFEC26A}
	EndGlobalSection
	GlobalSection(ExtensibilityGlobals) = postSolution
		SolutionGuid = {DFDE6B4D-D57F-3365-A3DE-262283A576F1}
	EndGlobalSection
	GlobalSection(ExtensibilityAddIns) = postSolution
	EndGlobalSection
EndGlobal
