
Microsoft Visual Studio Solution File, Format Version 12.00
# Visual Studio Version 17
Project("{2150E333-8FDC-42A3-9474-1A3956D46DE8}") = "CMakePredefinedTargets", "CMakePredefinedTargets", "{49CB0746-DB7F-3CD0-9256-D078CC63F948}"
EndProject
Project("{2150E333-8FDC-42A3-9474-1A3956D46DE8}") = "GLFW3", "GLFW3", "{912473AD-8F47-3CDC-8F37-83BE5EACF746}"
EndProject
Project("{8BC9CEB8-8B4A-11D0-8D11-00A0C91BC942}") = "ALL_BUILD", "ALL_BUILD.vcxproj", "{B15BEE1D-3E38-3554-8E61-174B3E66DDBC}"
	ProjectSection(ProjectDependencies) = postProject
		{9E36E2FD-4697-3AE0-91D4-5A437B35E3BC} = {9E36E2FD-4697-3AE0-91D4-5A437B35E3BC}
		{36B589F5-8B92-3104-BCDD-AEE843524D9B} = {36B589F5-8B92-3104-BCDD-AEE843524D9B}
		{70B5CFB2-792C-3478-93BF-07EEE1AC248B} = {70B5CFB2-792C-3478-93BF-07EEE1AC248B}
		{D4D9759D-79CD-3864-9D80-5BD6B8792AD5} = {D4D9759D-79CD-3864-9D80-5BD6B8792AD5}
	EndProjectSection
EndProject
Project("{8BC9CEB8-8B4A-11D0-8D11-00A0C91BC942}") = "INSTALL", "INSTALL.vcxproj", "{15FAE683-0CD2-3BC4-8D16-1A956BF15E28}"
	ProjectSection(ProjectDependencies) = postProject
		{B15BEE1D-3E38-3554-8E61-174B3E66DDBC} = {B15BEE1D-3E38-3554-8E61-174B3E66DDBC}
		{9E36E2FD-4697-3AE0-91D4-5A437B35E3BC} = {9E36E2FD-4697-3AE0-91D4-5A437B35E3BC}
	EndProjectSection
EndProject
Project("{8BC9CEB8-8B4A-11D0-8D11-00A0C91BC942}") = "PACKAGE", "PACKAGE.vcxproj", "{80A9FF88-F52C-391F-9320-1DAD3E9C437A}"
	ProjectSection(ProjectDependencies) = postProject
		{B15BEE1D-3E38-3554-8E61-174B3E66DDBC} = {B15BEE1D-3E38-3554-8E61-174B3E66DDBC}
		{9E36E2FD-4697-3AE0-91D4-5A437B35E3BC} = {9E36E2FD-4697-3AE0-91D4-5A437B35E3BC}
	EndProjectSection
EndProject
Project("{8BC9CEB8-8B4A-11D0-8D11-00A0C91BC942}") = "ZERO_CHECK", "ZERO_CHECK.vcxproj", "{9E36E2FD-4697-3AE0-91D4-5A437B35E3BC}"
	ProjectSection(ProjectDependencies) = postProject
	EndProjectSection
EndProject
Project("{8BC9CEB8-8B4A-11D0-8D11-00A0C91BC942}") = "game", "game.vcxproj", "{36B589F5-8B92-3104-BCDD-AEE843524D9B}"
	ProjectSection(ProjectDependencies) = postProject
		{9E36E2FD-4697-3AE0-91D4-5A437B35E3BC} = {9E36E2FD-4697-3AE0-91D4-5A437B35E3BC}
		{70B5CFB2-792C-3478-93BF-07EEE1AC248B} = {70B5CFB2-792C-3478-93BF-07EEE1AC248B}
		{D4D9759D-79CD-3864-9D80-5BD6B8792AD5} = {D4D9759D-79CD-3864-9D80-5BD6B8792AD5}
	EndProjectSection
EndProject
Project("{8BC9CEB8-8B4A-11D0-8D11-00A0C91BC942}") = "glfw", "_deps\raylib-build\raylib\external\glfw\src\glfw.vcxproj", "{70B5CFB2-792C-3478-93BF-07EEE1AC248B}"
	ProjectSection(ProjectDependencies) = postProject
		{9E36E2FD-4697-3AE0-91D4-5A437B35E3BC} = {9E36E2FD-4697-3AE0-91D4-5A437B35E3BC}
	EndProjectSection
EndProject
Project("{8BC9CEB8-8B4A-11D0-8D11-00A0C91BC942}") = "raylib", "_deps\raylib-build\raylib\raylib.vcxproj", "{D4D9759D-79CD-3864-9D80-5BD6B8792AD5}"
	ProjectSection(ProjectDependencies) = postProject
		{9E36E2FD-4697-3AE0-91D4-5A437B35E3BC} = {9E36E2FD-4697-3AE0-91D4-5A437B35E3BC}
		{70B5CFB2-792C-3478-93BF-07EEE1AC248B} = {70B5CFB2-792C-3478-93BF-07EEE1AC248B}
	EndProjectSection
EndProject
Project("{8BC9CEB8-8B4A-11D0-8D11-00A0C91BC942}") = "uninstall", "_deps\raylib-build\uninstall.vcxproj", "{0EC18448-B0CB-304B-B089-CDCC9B295DA6}"
	ProjectSection(ProjectDependencies) = postProject
		{9E36E2FD-4697-3AE0-91D4-5A437B35E3BC} = {9E36E2FD-4697-3AE0-91D4-5A437B35E3BC}
	EndProjectSection
EndProject
Project("{8BC9CEB8-8B4A-11D0-8D11-00A0C91BC942}") = "update_mappings", "_deps\raylib-build\raylib\external\glfw\src\update_mappings.vcxproj", "{8D5481F1-3BCB-3D93-B371-661511AB3A99}"
	ProjectSection(ProjectDependencies) = postProject
		{9E36E2FD-4697-3AE0-91D4-5A437B35E3BC} = {9E36E2FD-4697-3AE0-91D4-5A437B35E3BC}
	EndProjectSection
EndProject
Global
	GlobalSection(SolutionConfigurationPlatforms) = preSolution
		Debug|x64 = Debug|x64
		Release|x64 = Release|x64
		MinSizeRel|x64 = MinSizeRel|x64
		RelWithDebInfo|x64 = RelWithDebInfo|x64
	EndGlobalSection
	GlobalSection(ProjectConfigurationPlatforms) = postSolution
		{B15BEE1D-3E38-3554-8E61-174B3E66DDBC}.Debug|x64.ActiveCfg = Debug|x64
		{B15BEE1D-3E38-3554-8E61-174B3E66DDBC}.Debug|x64.Build.0 = Debug|x64
		{B15BEE1D-3E38-3554-8E61-174B3E66DDBC}.Release|x64.ActiveCfg = Release|x64
		{B15BEE1D-3E38-3554-8E61-174B3E66DDBC}.Release|x64.Build.0 = Release|x64
		{B15BEE1D-3E38-3554-8E61-174B3E66DDBC}.MinSizeRel|x64.ActiveCfg = MinSizeRel|x64
		{B15BEE1D-3E38-3554-8E61-174B3E66DDBC}.MinSizeRel|x64.Build.0 = MinSizeRel|x64
		{B15BEE1D-3E38-3554-8E61-174B3E66DDBC}.RelWithDebInfo|x64.ActiveCfg = RelWithDebInfo|x64
		{B15BEE1D-3E38-3554-8E61-174B3E66DDBC}.RelWithDebInfo|x64.Build.0 = RelWithDebInfo|x64
		{15FAE683-0CD2-3BC4-8D16-1A956BF15E28}.Debug|x64.ActiveCfg = Debug|x64
		{15FAE683-0CD2-3BC4-8D16-1A956BF15E28}.Release|x64.ActiveCfg = Release|x64
		{15FAE683-0CD2-3BC4-8D16-1A956BF15E28}.MinSizeRel|x64.ActiveCfg = MinSizeRel|x64
		{15FAE683-0CD2-3BC4-8D16-1A956BF15E28}.RelWithDebInfo|x64.ActiveCfg = RelWithDebInfo|x64
		{80A9FF88-F52C-391F-9320-1DAD3E9C437A}.Debug|x64.ActiveCfg = Debug|x64
		{80A9FF88-F52C-391F-9320-1DAD3E9C437A}.Release|x64.ActiveCfg = Release|x64
		{80A9FF88-F52C-391F-9320-1DAD3E9C437A}.MinSizeRel|x64.ActiveCfg = MinSizeRel|x64
		{80A9FF88-F52C-391F-9320-1DAD3E9C437A}.RelWithDebInfo|x64.ActiveCfg = RelWithDebInfo|x64
		{9E36E2FD-4697-3AE0-91D4-5A437B35E3BC}.Debug|x64.ActiveCfg = Debug|x64
		{9E36E2FD-4697-3AE0-91D4-5A437B35E3BC}.Debug|x64.Build.0 = Debug|x64
		{9E36E2FD-4697-3AE0-91D4-5A437B35E3BC}.Release|x64.ActiveCfg = Release|x64
		{9E36E2FD-4697-3AE0-91D4-5A437B35E3BC}.Release|x64.Build.0 = Release|x64
		{9E36E2FD-4697-3AE0-91D4-5A437B35E3BC}.MinSizeRel|x64.ActiveCfg = MinSizeRel|x64
		{9E36E2FD-4697-3AE0-91D4-5A437B35E3BC}.MinSizeRel|x64.Build.0 = MinSizeRel|x64
		{9E36E2FD-4697-3AE0-91D4-5A437B35E3BC}.RelWithDebInfo|x64.ActiveCfg = RelWithDebInfo|x64
		{9E36E2FD-4697-3AE0-91D4-5A437B35E3BC}.RelWithDebInfo|x64.Build.0 = RelWithDebInfo|x64
		{36B589F5-8B92-3104-BCDD-AEE843524D9B}.Debug|x64.ActiveCfg = Debug|x64
		{36B589F5-8B92-3104-BCDD-AEE843524D9B}.Debug|x64.Build.0 = Debug|x64
		{36B589F5-8B92-3104-BCDD-AEE843524D9B}.Release|x64.ActiveCfg = Release|x64
		{36B589F5-8B92-3104-BCDD-AEE843524D9B}.Release|x64.Build.0 = Release|x64
		{36B589F5-8B92-3104-BCDD-AEE843524D9B}.MinSizeRel|x64.ActiveCfg = MinSizeRel|x64
		{36B589F5-8B92-3104-BCDD-AEE843524D9B}.MinSizeRel|x64.Build.0 = MinSizeRel|x64
		{36B589F5-8B92-3104-BCDD-AEE843524D9B}.RelWithDebInfo|x64.ActiveCfg = RelWithDebInfo|x64
		{36B589F5-8B92-3104-BCDD-AEE843524D9B}.RelWithDebInfo|x64.Build.0 = RelWithDebInfo|x64
		{70B5CFB2-792C-3478-93BF-07EEE1AC248B}.Debug|x64.ActiveCfg = Debug|x64
		{70B5CFB2-792C-3478-93BF-07EEE1AC248B}.Debug|x64.Build.0 = Debug|x64
		{70B5CFB2-792C-3478-93BF-07EEE1AC248B}.Release|x64.ActiveCfg = Release|x64
		{70B5CFB2-792C-3478-93BF-07EEE1AC248B}.Release|x64.Build.0 = Release|x64
		{70B5CFB2-792C-3478-93BF-07EEE1AC248B}.MinSizeRel|x64.ActiveCfg = MinSizeRel|x64
		{70B5CFB2-792C-3478-93BF-07EEE1AC248B}.MinSizeRel|x64.Build.0 = MinSizeRel|x64
		{70B5CFB2-792C-3478-93BF-07EEE1AC248B}.RelWithDebInfo|x64.ActiveCfg = RelWithDebInfo|x64
		{70B5CFB2-792C-3478-93BF-07EEE1AC248B}.RelWithDebInfo|x64.Build.0 = RelWithDebInfo|x64
		{D4D9759D-79CD-3864-9D80-5BD6B8792AD5}.Debug|x64.ActiveCfg = Debug|x64
		{D4D9759D-79CD-3864-9D80-5BD6B8792AD5}.Debug|x64.Build.0 = Debug|x64
		{D4D9759D-79CD-3864-9D80-5BD6B8792AD5}.Release|x64.ActiveCfg = Release|x64
		{D4D9759D-79CD-3864-9D80-5BD6B8792AD5}.Release|x64.Build.0 = Release|x64
		{D4D9759D-79CD-3864-9D80-5BD6B8792AD5}.MinSizeRel|x64.ActiveCfg = MinSizeRel|x64
		{D4D9759D-79CD-3864-9D80-5BD6B8792AD5}.MinSizeRel|x64.Build.0 = MinSizeRel|x64
		{D4D9759D-79CD-3864-9D80-5BD6B8792AD5}.RelWithDebInfo|x64.ActiveCfg = RelWithDebInfo|x64
		{D4D9759D-79CD-3864-9D80-5BD6B8792AD5}.RelWithDebInfo|x64.Build.0 = RelWithDebInfo|x64
		{0EC18448-B0CB-304B-B089-CDCC9B295DA6}.Debug|x64.ActiveCfg = Debug|x64
		{0EC18448-B0CB-304B-B089-CDCC9B295DA6}.Release|x64.ActiveCfg = Release|x64
		{0EC18448-B0CB-304B-B089-CDCC9B295DA6}.MinSizeRel|x64.ActiveCfg = MinSizeRel|x64
		{0EC18448-B0CB-304B-B089-CDCC9B295DA6}.RelWithDebInfo|x64.ActiveCfg = RelWithDebInfo|x64
		{8D5481F1-3BCB-3D93-B371-661511AB3A99}.Debug|x64.ActiveCfg = Debug|x64
		{8D5481F1-3BCB-3D93-B371-661511AB3A99}.Release|x64.ActiveCfg = Release|x64
		{8D5481F1-3BCB-3D93-B371-661511AB3A99}.MinSizeRel|x64.ActiveCfg = MinSizeRel|x64
		{8D5481F1-3BCB-3D93-B371-661511AB3A99}.RelWithDebInfo|x64.ActiveCfg = RelWithDebInfo|x64
	EndGlobalSection
	GlobalSection(NestedProjects) = preSolution
		{B15BEE1D-3E38-3554-8E61-174B3E66DDBC} = {49CB0746-DB7F-3CD0-9256-D078CC63F948}
		{15FAE683-0CD2-3BC4-8D16-1A956BF15E28} = {49CB0746-DB7F-3CD0-9256-D078CC63F948}
		{80A9FF88-F52C-391F-9320-1DAD3E9C437A} = {49CB0746-DB7F-3CD0-9256-D078CC63F948}
		{9E36E2FD-4697-3AE0-91D4-5A437B35E3BC} = {49CB0746-DB7F-3CD0-9256-D078CC63F948}
		{70B5CFB2-792C-3478-93BF-07EEE1AC248B} = {912473AD-8F47-3CDC-8F37-83BE5EACF746}
		{8D5481F1-3BCB-3D93-B371-661511AB3A99} = {912473AD-8F47-3CDC-8F37-83BE5EACF746}
	EndGlobalSection
	GlobalSection(ExtensibilityGlobals) = postSolution
		SolutionGuid = {A6108DD8-8835-30DF-8C16-1F9A23056DC6}
	EndGlobalSection
	GlobalSection(ExtensibilityAddIns) = postSolution
	EndGlobalSection
EndGlobal
